// !$*UTF8*$!
{
	archiveVersion = 1;
	classes = {
	};
	objectVersion = 48;
	objects = {

/* Begin PBXBuildFile section */
		3F1AE7822015900400A396CA /* LogInViewController.swift in Sources */ = {isa = PBXBuildFile; fileRef = 3F1AE7812015900400A396CA /* LogInViewController.swift */; };
		3F1AE7A62015A41A00A396CA /* RequestController.swift in Sources */ = {isa = PBXBuildFile; fileRef = 3F1AE7A52015A41A00A396CA /* RequestController.swift */; };
		3F1AE7A82015A4C400A396CA /* JSONhttp.swift in Sources */ = {isa = PBXBuildFile; fileRef = 3F1AE7A72015A4C400A396CA /* JSONhttp.swift */; };
		3F491121201826150021729A /* RecoverPasswordViewController.swift in Sources */ = {isa = PBXBuildFile; fileRef = 3F491120201826150021729A /* RecoverPasswordViewController.swift */; };
		3F87A83A201AB4F6006D77DD /* MenuViewController.swift in Sources */ = {isa = PBXBuildFile; fileRef = 3F87A839201AB4F6006D77DD /* MenuViewController.swift */; };
		3F87A83E201ABC85006D77DD /* MenuViewCell.swift in Sources */ = {isa = PBXBuildFile; fileRef = 3F87A83D201ABC85006D77DD /* MenuViewCell.swift */; };
		3FDCDFFF20163264005F9806 /* DataManager.swift in Sources */ = {isa = PBXBuildFile; fileRef = 3FDCDFFE20163264005F9806 /* DataManager.swift */; };
		3FE1732920178B3500EA5C10 /* MainViewController.swift in Sources */ = {isa = PBXBuildFile; fileRef = 3FE1732820178B3500EA5C10 /* MainViewController.swift */; };
		3FE1732E2017C9B200EA5C10 /* Utils.swift in Sources */ = {isa = PBXBuildFile; fileRef = 3FE1732D2017C9B200EA5C10 /* Utils.swift */; };
		3FF5DD25201F79520042DC9B /* FunctionsViewController.swift in Sources */ = {isa = PBXBuildFile; fileRef = 3FF5DD24201F79520042DC9B /* FunctionsViewController.swift */; };
		3FF5DD28201F7BA70042DC9B /* ProfileViewController.swift in Sources */ = {isa = PBXBuildFile; fileRef = 3FF5DD27201F7BA70042DC9B /* ProfileViewController.swift */; };
		3FFE972E2016DEF900A0CC17 /* Shared.swift in Sources */ = {isa = PBXBuildFile; fileRef = 3FFE972D2016DEF900A0CC17 /* Shared.swift */; };
		7FBF471C200FBCF9005F0DC4 /* AppDelegate.swift in Sources */ = {isa = PBXBuildFile; fileRef = 7FBF471B200FBCF9005F0DC4 /* AppDelegate.swift */; };
		7FBF471E200FBCF9005F0DC4 /* ViewController.swift in Sources */ = {isa = PBXBuildFile; fileRef = 7FBF471D200FBCF9005F0DC4 /* ViewController.swift */; };
		7FBF4721200FBCF9005F0DC4 /* Main.storyboard in Resources */ = {isa = PBXBuildFile; fileRef = 7FBF471F200FBCF9005F0DC4 /* Main.storyboard */; };
		7FBF4724200FBCF9005F0DC4 /* SwitcHome.xcdatamodeld in Sources */ = {isa = PBXBuildFile; fileRef = 7FBF4722200FBCF9005F0DC4 /* SwitcHome.xcdatamodeld */; };
		7FBF4726200FBCF9005F0DC4 /* Assets.xcassets in Resources */ = {isa = PBXBuildFile; fileRef = 7FBF4725200FBCF9005F0DC4 /* Assets.xcassets */; };
		7FBF4729200FBCF9005F0DC4 /* LaunchScreen.storyboard in Resources */ = {isa = PBXBuildFile; fileRef = 7FBF4727200FBCF9005F0DC4 /* LaunchScreen.storyboard */; };
		7FBF4731200FBF18005F0DC4 /* Roboto-Regular.ttf in Resources */ = {isa = PBXBuildFile; fileRef = 7FBF4730200FBF18005F0DC4 /* Roboto-Regular.ttf */; };
		7FBF4733200FBF29005F0DC4 /* Michroma.ttf in Resources */ = {isa = PBXBuildFile; fileRef = 7FBF4732200FBF29005F0DC4 /* Michroma.ttf */; };
		7FBF4736200FC601005F0DC4 /* RegisterViewController.swift in Sources */ = {isa = PBXBuildFile; fileRef = 7FBF4735200FC601005F0DC4 /* RegisterViewController.swift */; };
		B31C05155245EEEAE89E981A /* Pods_SwitcHome.framework in Frameworks */ = {isa = PBXBuildFile; fileRef = E7C089CE1438E5C81B24E6C4 /* Pods_SwitcHome.framework */; };
/* End PBXBuildFile section */

/* Begin PBXFileReference section */
		1F0F636A4BC282139AD448E4 /* Pods-SwitcHome.debug.xcconfig */ = {isa = PBXFileReference; includeInIndex = 1; lastKnownFileType = text.xcconfig; name = "Pods-SwitcHome.debug.xcconfig"; path = "Pods/Target Support Files/Pods-SwitcHome/Pods-SwitcHome.debug.xcconfig"; sourceTree = "<group>"; };
		3F1AE7812015900400A396CA /* LogInViewController.swift */ = {isa = PBXFileReference; lastKnownFileType = sourcecode.swift; path = LogInViewController.swift; sourceTree = "<group>"; };
		3F1AE7A52015A41A00A396CA /* RequestController.swift */ = {isa = PBXFileReference; lastKnownFileType = sourcecode.swift; path = RequestController.swift; sourceTree = "<group>"; };
		3F1AE7A72015A4C400A396CA /* JSONhttp.swift */ = {isa = PBXFileReference; lastKnownFileType = sourcecode.swift; path = JSONhttp.swift; sourceTree = "<group>"; };
		3F491120201826150021729A /* RecoverPasswordViewController.swift */ = {isa = PBXFileReference; lastKnownFileType = sourcecode.swift; path = RecoverPasswordViewController.swift; sourceTree = "<group>"; };
		3F87A839201AB4F6006D77DD /* MenuViewController.swift */ = {isa = PBXFileReference; lastKnownFileType = sourcecode.swift; path = MenuViewController.swift; sourceTree = "<group>"; };
		3F87A83D201ABC85006D77DD /* MenuViewCell.swift */ = {isa = PBXFileReference; lastKnownFileType = sourcecode.swift; path = MenuViewCell.swift; sourceTree = "<group>"; };
		3FDCDFFE20163264005F9806 /* DataManager.swift */ = {isa = PBXFileReference; lastKnownFileType = sourcecode.swift; path = DataManager.swift; sourceTree = "<group>"; };
		3FE1732820178B3500EA5C10 /* MainViewController.swift */ = {isa = PBXFileReference; lastKnownFileType = sourcecode.swift; path = MainViewController.swift; sourceTree = "<group>"; };
		3FE1732D2017C9B200EA5C10 /* Utils.swift */ = {isa = PBXFileReference; lastKnownFileType = sourcecode.swift; path = Utils.swift; sourceTree = "<group>"; };
		3FF5DD24201F79520042DC9B /* FunctionsViewController.swift */ = {isa = PBXFileReference; lastKnownFileType = sourcecode.swift; path = FunctionsViewController.swift; sourceTree = "<group>"; };
		3FF5DD27201F7BA70042DC9B /* ProfileViewController.swift */ = {isa = PBXFileReference; lastKnownFileType = sourcecode.swift; path = ProfileViewController.swift; sourceTree = "<group>"; };
		3FFE972D2016DEF900A0CC17 /* Shared.swift */ = {isa = PBXFileReference; lastKnownFileType = sourcecode.swift; path = Shared.swift; sourceTree = "<group>"; };
		7FBF4718200FBCF9005F0DC4 /* SwitcHome.app */ = {isa = PBXFileReference; explicitFileType = wrapper.application; includeInIndex = 0; path = SwitcHome.app; sourceTree = BUILT_PRODUCTS_DIR; };
		7FBF471B200FBCF9005F0DC4 /* AppDelegate.swift */ = {isa = PBXFileReference; lastKnownFileType = sourcecode.swift; path = AppDelegate.swift; sourceTree = "<group>"; };
		7FBF471D200FBCF9005F0DC4 /* ViewController.swift */ = {isa = PBXFileReference; lastKnownFileType = sourcecode.swift; path = ViewController.swift; sourceTree = "<group>"; };
		7FBF4720200FBCF9005F0DC4 /* Base */ = {isa = PBXFileReference; lastKnownFileType = file.storyboard; name = Base; path = Base.lproj/Main.storyboard; sourceTree = "<group>"; };
		7FBF4723200FBCF9005F0DC4 /* SwitcHome.xcdatamodel */ = {isa = PBXFileReference; lastKnownFileType = wrapper.xcdatamodel; path = SwitcHome.xcdatamodel; sourceTree = "<group>"; };
		7FBF4725200FBCF9005F0DC4 /* Assets.xcassets */ = {isa = PBXFileReference; lastKnownFileType = folder.assetcatalog; path = Assets.xcassets; sourceTree = "<group>"; };
		7FBF4728200FBCF9005F0DC4 /* Base */ = {isa = PBXFileReference; lastKnownFileType = file.storyboard; name = Base; path = Base.lproj/LaunchScreen.storyboard; sourceTree = "<group>"; };
		7FBF472A200FBCF9005F0DC4 /* Info.plist */ = {isa = PBXFileReference; lastKnownFileType = text.plist.xml; path = Info.plist; sourceTree = "<group>"; };
		7FBF4730200FBF18005F0DC4 /* Roboto-Regular.ttf */ = {isa = PBXFileReference; lastKnownFileType = file; path = "Roboto-Regular.ttf"; sourceTree = "<group>"; };
		7FBF4732200FBF29005F0DC4 /* Michroma.ttf */ = {isa = PBXFileReference; lastKnownFileType = file; path = Michroma.ttf; sourceTree = "<group>"; };
		7FBF4735200FC601005F0DC4 /* RegisterViewController.swift */ = {isa = PBXFileReference; lastKnownFileType = sourcecode.swift; path = RegisterViewController.swift; sourceTree = "<group>"; };
		C54BE155A5956686E9F884D3 /* Pods-SwitcHome.release.xcconfig */ = {isa = PBXFileReference; includeInIndex = 1; lastKnownFileType = text.xcconfig; name = "Pods-SwitcHome.release.xcconfig"; path = "Pods/Target Support Files/Pods-SwitcHome/Pods-SwitcHome.release.xcconfig"; sourceTree = "<group>"; };
		E7C089CE1438E5C81B24E6C4 /* Pods_SwitcHome.framework */ = {isa = PBXFileReference; explicitFileType = wrapper.framework; includeInIndex = 0; path = Pods_SwitcHome.framework; sourceTree = BUILT_PRODUCTS_DIR; };
/* End PBXFileReference section */

/* Begin PBXFrameworksBuildPhase section */
		7FBF4715200FBCF9005F0DC4 /* Frameworks */ = {
			isa = PBXFrameworksBuildPhase;
			buildActionMask = 2147483647;
			files = (
				B31C05155245EEEAE89E981A /* Pods_SwitcHome.framework in Frameworks */,
			);
			runOnlyForDeploymentPostprocessing = 0;
		};
/* End PBXFrameworksBuildPhase section */

/* Begin PBXGroup section */
		3F87A836201AAEFB006D77DD /* Main */ = {
			isa = PBXGroup;
			children = (
				3FE1732820178B3500EA5C10 /* MainViewController.swift */,
				3F87A839201AB4F6006D77DD /* MenuViewController.swift */,
				3F87A83D201ABC85006D77DD /* MenuViewCell.swift */,
			);
			path = Main;
			sourceTree = "<group>";
		};
		3FE1732B2017C94B00EA5C10 /* Login */ = {
			isa = PBXGroup;
			children = (
				3F1AE7812015900400A396CA /* LogInViewController.swift */,
				7FBF4735200FC601005F0DC4 /* RegisterViewController.swift */,
				3F491120201826150021729A /* RecoverPasswordViewController.swift */,
			);
			path = Login;
			sourceTree = "<group>";
		};
		3FE1732C2017C96500EA5C10 /* Services */ = {
			isa = PBXGroup;
			children = (
				3F1AE7A52015A41A00A396CA /* RequestController.swift */,
				3F1AE7A72015A4C400A396CA /* JSONhttp.swift */,
				3FDCDFFE20163264005F9806 /* DataManager.swift */,
			);
			path = Services;
			sourceTree = "<group>";
		};
		3FF5DD23201F792E0042DC9B /* Functions */ = {
			isa = PBXGroup;
			children = (
				3FF5DD24201F79520042DC9B /* FunctionsViewController.swift */,
			);
			path = Functions;
			sourceTree = "<group>";
		};
		3FF5DD26201F7B950042DC9B /* Profile */ = {
			isa = PBXGroup;
			children = (
				3FF5DD27201F7BA70042DC9B /* ProfileViewController.swift */,
			);
			path = Profile;
			sourceTree = "<group>";
		};
		7FBF470F200FBCF9005F0DC4 = {
			isa = PBXGroup;
			children = (
				7FBF4734200FBF3C005F0DC4 /* Fonts */,
				7FBF471A200FBCF9005F0DC4 /* SwitcHome */,
				7FBF4719200FBCF9005F0DC4 /* Products */,
				B4E90439D2143D1FC5DDCB90 /* Pods */,
				B4E224783B953AD20029A7FE /* Frameworks */,
			);
			sourceTree = "<group>";
		};
		7FBF4719200FBCF9005F0DC4 /* Products */ = {
			isa = PBXGroup;
			children = (
				7FBF4718200FBCF9005F0DC4 /* SwitcHome.app */,
			);
			name = Products;
			sourceTree = "<group>";
		};
		7FBF471A200FBCF9005F0DC4 /* SwitcHome */ = {
			isa = PBXGroup;
			children = (
				3FF5DD26201F7B950042DC9B /* Profile */,
				3FF5DD23201F792E0042DC9B /* Functions */,
				3F87A836201AAEFB006D77DD /* Main */,
				3FE1732C2017C96500EA5C10 /* Services */,
				3FE1732B2017C94B00EA5C10 /* Login */,
				7FBF471B200FBCF9005F0DC4 /* AppDelegate.swift */,
				7FBF471D200FBCF9005F0DC4 /* ViewController.swift */,
				7FBF471F200FBCF9005F0DC4 /* Main.storyboard */,
				7FBF4725200FBCF9005F0DC4 /* Assets.xcassets */,
				7FBF4727200FBCF9005F0DC4 /* LaunchScreen.storyboard */,
				7FBF472A200FBCF9005F0DC4 /* Info.plist */,
				7FBF4722200FBCF9005F0DC4 /* SwitcHome.xcdatamodeld */,
				3FFE972D2016DEF900A0CC17 /* Shared.swift */,
				3FE1732D2017C9B200EA5C10 /* Utils.swift */,
			);
			path = SwitcHome;
			sourceTree = "<group>";
		};
		7FBF4734200FBF3C005F0DC4 /* Fonts */ = {
			isa = PBXGroup;
			children = (
				7FBF4730200FBF18005F0DC4 /* Roboto-Regular.ttf */,
				7FBF4732200FBF29005F0DC4 /* Michroma.ttf */,
			);
			path = Fonts;
			sourceTree = "<group>";
		};
		B4E224783B953AD20029A7FE /* Frameworks */ = {
			isa = PBXGroup;
			children = (
				E7C089CE1438E5C81B24E6C4 /* Pods_SwitcHome.framework */,
			);
			name = Frameworks;
			sourceTree = "<group>";
		};
		B4E90439D2143D1FC5DDCB90 /* Pods */ = {
			isa = PBXGroup;
			children = (
				1F0F636A4BC282139AD448E4 /* Pods-SwitcHome.debug.xcconfig */,
				C54BE155A5956686E9F884D3 /* Pods-SwitcHome.release.xcconfig */,
			);
			name = Pods;
			sourceTree = "<group>";
		};
/* End PBXGroup section */

/* Begin PBXNativeTarget section */
		7FBF4717200FBCF9005F0DC4 /* SwitcHome */ = {
			isa = PBXNativeTarget;
			buildConfigurationList = 7FBF472D200FBCF9005F0DC4 /* Build configuration list for PBXNativeTarget "SwitcHome" */;
			buildPhases = (
				011C175C4EB4BCCC1265413D /* [CP] Check Pods Manifest.lock */,
				7FBF4714200FBCF9005F0DC4 /* Sources */,
				7FBF4715200FBCF9005F0DC4 /* Frameworks */,
				7FBF4716200FBCF9005F0DC4 /* Resources */,
				7A6DAC49BD86C1BDF2CBE96A /* [CP] Embed Pods Frameworks */,
				5CB5E587EBEBDD102EB180E2 /* [CP] Copy Pods Resources */,
			);
			buildRules = (
			);
			dependencies = (
			);
			name = SwitcHome;
			productName = SwitcHome;
			productReference = 7FBF4718200FBCF9005F0DC4 /* SwitcHome.app */;
			productType = "com.apple.product-type.application";
		};
/* End PBXNativeTarget section */

/* Begin PBXProject section */
		7FBF4710200FBCF9005F0DC4 /* Project object */ = {
			isa = PBXProject;
			attributes = {
				LastSwiftUpdateCheck = 0920;
				LastUpgradeCheck = 0920;
				ORGANIZATIONNAME = DomoticSolutions;
				TargetAttributes = {
					7FBF4717200FBCF9005F0DC4 = {
						CreatedOnToolsVersion = 9.2;
						ProvisioningStyle = Automatic;
					};
				};
			};
			buildConfigurationList = 7FBF4713200FBCF9005F0DC4 /* Build configuration list for PBXProject "SwitcHome" */;
			compatibilityVersion = "Xcode 8.0";
			developmentRegion = en;
			hasScannedForEncodings = 0;
			knownRegions = (
				en,
				Base,
			);
			mainGroup = 7FBF470F200FBCF9005F0DC4;
			productRefGroup = 7FBF4719200FBCF9005F0DC4 /* Products */;
			projectDirPath = "";
			projectRoot = "";
			targets = (
				7FBF4717200FBCF9005F0DC4 /* SwitcHome */,
			);
		};
/* End PBXProject section */

/* Begin PBXResourcesBuildPhase section */
		7FBF4716200FBCF9005F0DC4 /* Resources */ = {
			isa = PBXResourcesBuildPhase;
			buildActionMask = 2147483647;
			files = (
				7FBF4733200FBF29005F0DC4 /* Michroma.ttf in Resources */,
				7FBF4731200FBF18005F0DC4 /* Roboto-Regular.ttf in Resources */,
				7FBF4729200FBCF9005F0DC4 /* LaunchScreen.storyboard in Resources */,
				7FBF4726200FBCF9005F0DC4 /* Assets.xcassets in Resources */,
				7FBF4721200FBCF9005F0DC4 /* Main.storyboard in Resources */,
			);
			runOnlyForDeploymentPostprocessing = 0;
		};
/* End PBXResourcesBuildPhase section */

/* Begin PBXShellScriptBuildPhase section */
		011C175C4EB4BCCC1265413D /* [CP] Check Pods Manifest.lock */ = {
			isa = PBXShellScriptBuildPhase;
			buildActionMask = 2147483647;
			files = (
			);
			inputPaths = (
				"${PODS_PODFILE_DIR_PATH}/Podfile.lock",
				"${PODS_ROOT}/Manifest.lock",
			);
			name = "[CP] Check Pods Manifest.lock";
			outputPaths = (
				"$(DERIVED_FILE_DIR)/Pods-SwitcHome-checkManifestLockResult.txt",
			);
			runOnlyForDeploymentPostprocessing = 0;
			shellPath = /bin/sh;
			shellScript = "diff \"${PODS_PODFILE_DIR_PATH}/Podfile.lock\" \"${PODS_ROOT}/Manifest.lock\" > /dev/null\nif [ $? != 0 ] ; then\n    # print error to STDERR\n    echo \"error: The sandbox is not in sync with the Podfile.lock. Run 'pod install' or update your CocoaPods installation.\" >&2\n    exit 1\nfi\n# This output is used by Xcode 'outputs' to avoid re-running this script phase.\necho \"SUCCESS\" > \"${SCRIPT_OUTPUT_FILE_0}\"\n";
			showEnvVarsInLog = 0;
		};
		5CB5E587EBEBDD102EB180E2 /* [CP] Copy Pods Resources */ = {
			isa = PBXShellScriptBuildPhase;
			buildActionMask = 2147483647;
			files = (
			);
			inputPaths = (
			);
			name = "[CP] Copy Pods Resources";
			outputPaths = (
			);
			runOnlyForDeploymentPostprocessing = 0;
			shellPath = /bin/sh;
			shellScript = "\"${SRCROOT}/Pods/Target Support Files/Pods-SwitcHome/Pods-SwitcHome-resources.sh\"\n";
			showEnvVarsInLog = 0;
		};
		7A6DAC49BD86C1BDF2CBE96A /* [CP] Embed Pods Frameworks */ = {
			isa = PBXShellScriptBuildPhase;
			buildActionMask = 2147483647;
			files = (
			);
			inputPaths = (
				"${SRCROOT}/Pods/Target Support Files/Pods-SwitcHome/Pods-SwitcHome-frameworks.sh",
				"${BUILT_PRODUCTS_DIR}/Alamofire/Alamofire.framework",
				"${BUILT_PRODUCTS_DIR}/SideMenu/SideMenu.framework",
				"${BUILT_PRODUCTS_DIR}/TextFieldEffects/TextFieldEffects.framework",
				"${BUILT_PRODUCTS_DIR}/Toast-Swift/Toast_Swift.framework",
				"${BUILT_PRODUCTS_DIR}/ZAlertView/ZAlertView.framework",
			);
			name = "[CP] Embed Pods Frameworks";
			outputPaths = (
				"${TARGET_BUILD_DIR}/${FRAMEWORKS_FOLDER_PATH}/Alamofire.framework",
				"${TARGET_BUILD_DIR}/${FRAMEWORKS_FOLDER_PATH}/SideMenu.framework",
				"${TARGET_BUILD_DIR}/${FRAMEWORKS_FOLDER_PATH}/TextFieldEffects.framework",
				"${TARGET_BUILD_DIR}/${FRAMEWORKS_FOLDER_PATH}/Toast_Swift.framework",
				"${TARGET_BUILD_DIR}/${FRAMEWORKS_FOLDER_PATH}/ZAlertView.framework",
			);
			runOnlyForDeploymentPostprocessing = 0;
			shellPath = /bin/sh;
			shellScript = "\"${SRCROOT}/Pods/Target Support Files/Pods-SwitcHome/Pods-SwitcHome-frameworks.sh\"\n";
			showEnvVarsInLog = 0;
		};
/* End PBXShellScriptBuildPhase section */

/* Begin PBXSourcesBuildPhase section */
		7FBF4714200FBCF9005F0DC4 /* Sources */ = {
			isa = PBXSourcesBuildPhase;
			buildActionMask = 2147483647;
			files = (
				3FE1732E2017C9B200EA5C10 /* Utils.swift in Sources */,
				7FBF471E200FBCF9005F0DC4 /* ViewController.swift in Sources */,
				3FDCDFFF20163264005F9806 /* DataManager.swift in Sources */,
				7FBF471C200FBCF9005F0DC4 /* AppDelegate.swift in Sources */,
				7FBF4724200FBCF9005F0DC4 /* SwitcHome.xcdatamodeld in Sources */,
				3F1AE7A62015A41A00A396CA /* RequestController.swift in Sources */,
				3FF5DD28201F7BA70042DC9B /* ProfileViewController.swift in Sources */,
				3F491121201826150021729A /* RecoverPasswordViewController.swift in Sources */,
				3F87A83A201AB4F6006D77DD /* MenuViewController.swift in Sources */,
				3F1AE7822015900400A396CA /* LogInViewController.swift in Sources */,
				3FF5DD25201F79520042DC9B /* FunctionsViewController.swift in Sources */,
				3F87A83E201ABC85006D77DD /* MenuViewCell.swift in Sources */,
				3F1AE7A82015A4C400A396CA /* JSONhttp.swift in Sources */,
				3FFE972E2016DEF900A0CC17 /* Shared.swift in Sources */,
				7FBF4736200FC601005F0DC4 /* RegisterViewController.swift in Sources */,
				3FE1732920178B3500EA5C10 /* MainViewController.swift in Sources */,
			);
			runOnlyForDeploymentPostprocessing = 0;
		};
/* End PBXSourcesBuildPhase section */

/* Begin PBXVariantGroup section */
		7FBF471F200FBCF9005F0DC4 /* Main.storyboard */ = {
			isa = PBXVariantGroup;
			children = (
				7FBF4720200FBCF9005F0DC4 /* Base */,
			);
			name = Main.storyboard;
			sourceTree = "<group>";
		};
		7FBF4727200FBCF9005F0DC4 /* LaunchScreen.storyboard */ = {
			isa = PBXVariantGroup;
			children = (
				7FBF4728200FBCF9005F0DC4 /* Base */,
			);
			name = LaunchScreen.storyboard;
			sourceTree = "<group>";
		};
/* End PBXVariantGroup section */

/* Begin XCBuildConfiguration section */
		7FBF472B200FBCF9005F0DC4 /* Debug */ = {
			isa = XCBuildConfiguration;
			buildSettings = {
				ALWAYS_SEARCH_USER_PATHS = NO;
				CLANG_ANALYZER_NONNULL = YES;
				CLANG_ANALYZER_NUMBER_OBJECT_CONVERSION = YES_AGGRESSIVE;
				CLANG_CXX_LANGUAGE_STANDARD = "gnu++14";
				CLANG_CXX_LIBRARY = "libc++";
				CLANG_ENABLE_MODULES = YES;
				CLANG_ENABLE_OBJC_ARC = YES;
				CLANG_WARN_BLOCK_CAPTURE_AUTORELEASING = YES;
				CLANG_WARN_BOOL_CONVERSION = YES;
				CLANG_WARN_COMMA = YES;
				CLANG_WARN_CONSTANT_CONVERSION = YES;
				CLANG_WARN_DIRECT_OBJC_ISA_USAGE = YES_ERROR;
				CLANG_WARN_DOCUMENTATION_COMMENTS = YES;
				CLANG_WARN_EMPTY_BODY = YES;
				CLANG_WARN_ENUM_CONVERSION = YES;
				CLANG_WARN_INFINITE_RECURSION = YES;
				CLANG_WARN_INT_CONVERSION = YES;
				CLANG_WARN_NON_LITERAL_NULL_CONVERSION = YES;
				CLANG_WARN_OBJC_LITERAL_CONVERSION = YES;
				CLANG_WARN_OBJC_ROOT_CLASS = YES_ERROR;
				CLANG_WARN_RANGE_LOOP_ANALYSIS = YES;
				CLANG_WARN_STRICT_PROTOTYPES = YES;
				CLANG_WARN_SUSPICIOUS_MOVE = YES;
				CLANG_WARN_UNGUARDED_AVAILABILITY = YES_AGGRESSIVE;
				CLANG_WARN_UNREACHABLE_CODE = YES;
				CLANG_WARN__DUPLICATE_METHOD_MATCH = YES;
				CODE_SIGN_IDENTITY = "iPhone Developer";
				COPY_PHASE_STRIP = NO;
				DEBUG_INFORMATION_FORMAT = dwarf;
				ENABLE_STRICT_OBJC_MSGSEND = YES;
				ENABLE_TESTABILITY = YES;
				GCC_C_LANGUAGE_STANDARD = gnu11;
				GCC_DYNAMIC_NO_PIC = NO;
				GCC_NO_COMMON_BLOCKS = YES;
				GCC_OPTIMIZATION_LEVEL = 0;
				GCC_PREPROCESSOR_DEFINITIONS = (
					"DEBUG=1",
					"$(inherited)",
				);
				GCC_WARN_64_TO_32_BIT_CONVERSION = YES;
				GCC_WARN_ABOUT_RETURN_TYPE = YES_ERROR;
				GCC_WARN_UNDECLARED_SELECTOR = YES;
				GCC_WARN_UNINITIALIZED_AUTOS = YES_AGGRESSIVE;
				GCC_WARN_UNUSED_FUNCTION = YES;
				GCC_WARN_UNUSED_VARIABLE = YES;
				IPHONEOS_DEPLOYMENT_TARGET = 11.2;
				MTL_ENABLE_DEBUG_INFO = YES;
				ONLY_ACTIVE_ARCH = YES;
				SDKROOT = iphoneos;
				SWIFT_ACTIVE_COMPILATION_CONDITIONS = DEBUG;
				SWIFT_OPTIMIZATION_LEVEL = "-Onone";
			};
			name = Debug;
		};
		7FBF472C200FBCF9005F0DC4 /* Release */ = {
			isa = XCBuildConfiguration;
			buildSettings = {
				ALWAYS_SEARCH_USER_PATHS = NO;
				CLANG_ANALYZER_NONNULL = YES;
				CLANG_ANALYZER_NUMBER_OBJECT_CONVERSION = YES_AGGRESSIVE;
				CLANG_CXX_LANGUAGE_STANDARD = "gnu++14";
				CLANG_CXX_LIBRARY = "libc++";
				CLANG_ENABLE_MODULES = YES;
				CLANG_ENABLE_OBJC_ARC = YES;
				CLANG_WARN_BLOCK_CAPTURE_AUTORELEASING = YES;
				CLANG_WARN_BOOL_CONVERSION = YES;
				CLANG_WARN_COMMA = YES;
				CLANG_WARN_CONSTANT_CONVERSION = YES;
				CLANG_WARN_DIRECT_OBJC_ISA_USAGE = YES_ERROR;
				CLANG_WARN_DOCUMENTATION_COMMENTS = YES;
				CLANG_WARN_EMPTY_BODY = YES;
				CLANG_WARN_ENUM_CONVERSION = YES;
				CLANG_WARN_INFINITE_RECURSION = YES;
				CLANG_WARN_INT_CONVERSION = YES;
				CLANG_WARN_NON_LITERAL_NULL_CONVERSION = YES;
				CLANG_WARN_OBJC_LITERAL_CONVERSION = YES;
				CLANG_WARN_OBJC_ROOT_CLASS = YES_ERROR;
				CLANG_WARN_RANGE_LOOP_ANALYSIS = YES;
				CLANG_WARN_STRICT_PROTOTYPES = YES;
				CLANG_WARN_SUSPICIOUS_MOVE = YES;
				CLANG_WARN_UNGUARDED_AVAILABILITY = YES_AGGRESSIVE;
				CLANG_WARN_UNREACHABLE_CODE = YES;
				CLANG_WARN__DUPLICATE_METHOD_MATCH = YES;
				CODE_SIGN_IDENTITY = "iPhone Developer";
				COPY_PHASE_STRIP = NO;
				DEBUG_INFORMATION_FORMAT = "dwarf-with-dsym";
				ENABLE_NS_ASSERTIONS = NO;
				ENABLE_STRICT_OBJC_MSGSEND = YES;
				GCC_C_LANGUAGE_STANDARD = gnu11;
				GCC_NO_COMMON_BLOCKS = YES;
				GCC_WARN_64_TO_32_BIT_CONVERSION = YES;
				GCC_WARN_ABOUT_RETURN_TYPE = YES_ERROR;
				GCC_WARN_UNDECLARED_SELECTOR = YES;
				GCC_WARN_UNINITIALIZED_AUTOS = YES_AGGRESSIVE;
				GCC_WARN_UNUSED_FUNCTION = YES;
				GCC_WARN_UNUSED_VARIABLE = YES;
				IPHONEOS_DEPLOYMENT_TARGET = 11.2;
				MTL_ENABLE_DEBUG_INFO = NO;
				SDKROOT = iphoneos;
				SWIFT_OPTIMIZATION_LEVEL = "-Owholemodule";
				VALIDATE_PRODUCT = YES;
			};
			name = Release;
		};
		7FBF472E200FBCF9005F0DC4 /* Debug */ = {
			isa = XCBuildConfiguration;
			baseConfigurationReference = 1F0F636A4BC282139AD448E4 /* Pods-SwitcHome.debug.xcconfig */;
			buildSettings = {
				ASSETCATALOG_COMPILER_APPICON_NAME = AppIcon;
				CODE_SIGN_STYLE = Automatic;
				"HEADER_SEARCH_PATHS[arch=*]" = " $(SRCROOT)/Pods ";
				INFOPLIST_FILE = SwitcHome/Info.plist;
				LD_RUNPATH_SEARCH_PATHS = "$(inherited) @executable_path/Frameworks";
				PRODUCT_BUNDLE_IDENTIFIER = com.DomoticSolutions.SwitcHome;
				PRODUCT_NAME = "$(TARGET_NAME)";
				SWIFT_VERSION = 4.0;
				TARGETED_DEVICE_FAMILY = "1,2";
			};
			name = Debug;
		};
		7FBF472F200FBCF9005F0DC4 /* Release */ = {
			isa = XCBuildConfiguration;
			baseConfigurationReference = C54BE155A5956686E9F884D3 /* Pods-SwitcHome.release.xcconfig */;
			buildSettings = {
				ASSETCATALOG_COMPILER_APPICON_NAME = AppIcon;
				CODE_SIGN_STYLE = Automatic;
				"HEADER_SEARCH_PATHS[arch=*]" = " $(SRCROOT)/Pods ";
				INFOPLIST_FILE = SwitcHome/Info.plist;
				LD_RUNPATH_SEARCH_PATHS = "$(inherited) @executable_path/Frameworks";
				PRODUCT_BUNDLE_IDENTIFIER = com.DomoticSolutions.SwitcHome;
				PRODUCT_NAME = "$(TARGET_NAME)";
				SWIFT_VERSION = 4.0;
				TARGETED_DEVICE_FAMILY = "1,2";
			};
			name = Release;
		};
/* End XCBuildConfiguration section */

/* Begin XCConfigurationList section */
		7FBF4713200FBCF9005F0DC4 /* Build configuration list for PBXProject "SwitcHome" */ = {
			isa = XCConfigurationList;
			buildConfigurations = (
				7FBF472B200FBCF9005F0DC4 /* Debug */,
				7FBF472C200FBCF9005F0DC4 /* Release */,
			);
			defaultConfigurationIsVisible = 0;
			defaultConfigurationName = Release;
		};
		7FBF472D200FBCF9005F0DC4 /* Build configuration list for PBXNativeTarget "SwitcHome" */ = {
			isa = XCConfigurationList;
			buildConfigurations = (
				7FBF472E200FBCF9005F0DC4 /* Debug */,
				7FBF472F200FBCF9005F0DC4 /* Release */,
			);
			defaultConfigurationIsVisible = 0;
			defaultConfigurationName = Release;
		};
/* End XCConfigurationList section */

/* Begin XCVersionGroup section */
		7FBF4722200FBCF9005F0DC4 /* SwitcHome.xcdatamodeld */ = {
			isa = XCVersionGroup;
			children = (
				7FBF4723200FBCF9005F0DC4 /* SwitcHome.xcdatamodel */,
			);
			currentVersion = 7FBF4723200FBCF9005F0DC4 /* SwitcHome.xcdatamodel */;
			path = SwitcHome.xcdatamodeld;
			sourceTree = "<group>";
			versionGroupType = wrapper.xcdatamodel;
		};
/* End XCVersionGroup section */
	};
	rootObject = 7FBF4710200FBCF9005F0DC4 /* Project object */;
}
